// !$*UTF8*$!
{
	archiveVersion = 1;
	classes = {
	};
	objectVersion = 46;
	objects = {

/* Begin PBXBuildFile section */
		1AE63E842727B79D0035735A /* AEFX_SuiteHelper.c in Sources */ = {isa = PBXBuildFile; fileRef = 1AE63E242727B79C0035735A /* AEFX_SuiteHelper.c */; };
		1AE63E872727B79D0035735A /* AEGP_SuiteHandler.cpp in Sources */ = {isa = PBXBuildFile; fileRef = 1AE63E2D2727B79C0035735A /* AEGP_SuiteHandler.cpp */; };
		1AE63E882727B79D0035735A /* Smart_Utils.cpp in Sources */ = {isa = PBXBuildFile; fileRef = 1AE63E2E2727B79C0035735A /* Smart_Utils.cpp */; };
		1AE63E8A2727B79D0035735A /* MissingSuiteError.cpp in Sources */ = {isa = PBXBuildFile; fileRef = 1AE63E302727B79C0035735A /* MissingSuiteError.cpp */; };
		1AE63E912727BA7B0035735A /* libvulkan.1.2.189.dylib in Frameworks */ = {isa = PBXBuildFile; fileRef = 1AE63E8F2727BA7B0035735A /* libvulkan.1.2.189.dylib */; };
		1AE63E922727BA7B0035735A /* libvulkan.1.2.189.dylib in Embed Libraries */ = {isa = PBXBuildFile; fileRef = 1AE63E8F2727BA7B0035735A /* libvulkan.1.2.189.dylib */; };
		1AE63E932727BA7B0035735A /* libvulkan.1.dylib in Frameworks */ = {isa = PBXBuildFile; fileRef = 1AE63E902727BA7B0035735A /* libvulkan.1.dylib */; };
		1AE63E942727BA7B0035735A /* libvulkan.1.dylib in Embed Libraries */ = {isa = PBXBuildFile; fileRef = 1AE63E902727BA7B0035735A /* libvulkan.1.dylib */; };
		1AE63EA22727C4480035735A /* Info.plist in Resources */ = {isa = PBXBuildFile; fileRef = 1AE63EA12727C4480035735A /* Info.plist */; };
		1AE63EA72727C78B0035735A /* FileUtils.cpp in Sources */ = {isa = PBXBuildFile; fileRef = 1AE63EA52727C78A0035735A /* FileUtils.cpp */; };
		1AE63EAD2727C79A0035735A /* VulkanComputeProgram.cpp in Sources */ = {isa = PBXBuildFile; fileRef = 1AE63EA92727C79A0035735A /* VulkanComputeProgram.cpp */; };
		1AE63EAE2727C79A0035735A /* VulkanDebugUtils.cpp in Sources */ = {isa = PBXBuildFile; fileRef = 1AE63EAA2727C79A0035735A /* VulkanDebugUtils.cpp */; };
		1AE63EB42727D7BE0035735A /* AEUtils.cpp in Sources */ = {isa = PBXBuildFile; fileRef = 1AE63EB22727D7BE0035735A /* AEUtils.cpp */; };
		7ECB51A715DB18A300C5BAD5 /* Cocoa.framework in Frameworks */ = {isa = PBXBuildFile; fileRef = 7ECB51A615DB18A300C5BAD5 /* Cocoa.framework */; };
		8F2D54CC0C3DC8BC000535F4 /* VkSkeleton.cpp in Sources */ = {isa = PBXBuildFile; fileRef = 8F2D54C90C3DC8BC000535F4 /* VkSkeleton.cpp */; };
		8F2D54D10C3DC8FE000535F4 /* VkSkeletonPiPL.r in Rez */ = {isa = PBXBuildFile; fileRef = 8F2D54D00C3DC8FD000535F4 /* VkSkeletonPiPL.r */; };
		8F463F260C3DD6140040C945 /* VkSkeleton_Strings.c in Sources */ = {isa = PBXBuildFile; fileRef = 8F463F240C3DD6140040C945 /* VkSkeleton_Strings.c */; };
/* End PBXBuildFile section */

/* Begin PBXCopyFilesBuildPhase section */
		1AE63E952727BA7B0035735A /* Embed Libraries */ = {
			isa = PBXCopyFilesBuildPhase;
			buildActionMask = 2147483647;
			dstPath = "";
			dstSubfolderSpec = 10;
			files = (
				1AE63E942727BA7B0035735A /* libvulkan.1.dylib in Embed Libraries */,
				1AE63E922727BA7B0035735A /* libvulkan.1.2.189.dylib in Embed Libraries */,
			);
			name = "Embed Libraries";
			runOnlyForDeploymentPostprocessing = 0;
		};
		8F1EE4810C51773600D27114 /* CopyFiles */ = {
			isa = PBXCopyFilesBuildPhase;
			buildActionMask = 2147483647;
			dstPath = "";
			dstSubfolderSpec = 7;
			files = (
			);
			runOnlyForDeploymentPostprocessing = 0;
		};
/* End PBXCopyFilesBuildPhase section */

/* Begin PBXFileReference section */
		1AB0567F272DA97000D59EC5 /* AE_ComputeCacheSuite.h */ = {isa = PBXFileReference; lastKnownFileType = sourcecode.c.h; name = AE_ComputeCacheSuite.h; path = ../Headers/AE_ComputeCacheSuite.h; sourceTree = "<group>"; };
		1AB05684272DC89000D59EC5 /* VkExample.cpp */ = {isa = PBXFileReference; lastKnownFileType = sourcecode.cpp.cpp; path = VkExample.cpp; sourceTree = "<group>"; };
		1AB05686272EF3D500D59EC5 /* VulkanComputeDataTypes.hpp */ = {isa = PBXFileReference; lastKnownFileType = sourcecode.cpp.h; path = VulkanComputeDataTypes.hpp; sourceTree = "<group>"; };
		1AE63E242727B79C0035735A /* AEFX_SuiteHelper.c */ = {isa = PBXFileReference; fileEncoding = 4; lastKnownFileType = sourcecode.c.c; path = AEFX_SuiteHelper.c; sourceTree = "<group>"; };
		1AE63E262727B79C0035735A /* Smart_Utils.h */ = {isa = PBXFileReference; fileEncoding = 4; lastKnownFileType = sourcecode.c.h; path = Smart_Utils.h; sourceTree = "<group>"; };
		1AE63E282727B79C0035735A /* Param_Utils.h */ = {isa = PBXFileReference; fileEncoding = 4; lastKnownFileType = sourcecode.c.h; path = Param_Utils.h; sourceTree = "<group>"; };
		1AE63E2C2727B79C0035735A /* AEFX_SuiteHelper.h */ = {isa = PBXFileReference; fileEncoding = 4; lastKnownFileType = sourcecode.c.h; path = AEFX_SuiteHelper.h; sourceTree = "<group>"; };
		1AE63E2D2727B79C0035735A /* AEGP_SuiteHandler.cpp */ = {isa = PBXFileReference; fileEncoding = 4; lastKnownFileType = sourcecode.cpp.cpp; path = AEGP_SuiteHandler.cpp; sourceTree = "<group>"; };
		1AE63E2E2727B79C0035735A /* Smart_Utils.cpp */ = {isa = PBXFileReference; fileEncoding = 4; lastKnownFileType = sourcecode.cpp.cpp; path = Smart_Utils.cpp; sourceTree = "<group>"; };
		1AE63E302727B79C0035735A /* MissingSuiteError.cpp */ = {isa = PBXFileReference; fileEncoding = 4; lastKnownFileType = sourcecode.cpp.cpp; path = MissingSuiteError.cpp; sourceTree = "<group>"; };
		1AE63E312727B79C0035735A /* AEGP_SuiteHandler.h */ = {isa = PBXFileReference; fileEncoding = 4; lastKnownFileType = sourcecode.c.h; path = AEGP_SuiteHandler.h; sourceTree = "<group>"; };
		1AE63E372727B79C0035735A /* AE_Effect.h */ = {isa = PBXFileReference; fileEncoding = 4; lastKnownFileType = sourcecode.c.h; path = AE_Effect.h; sourceTree = "<group>"; };
		1AE63E8F2727BA7B0035735A /* libvulkan.1.2.189.dylib */ = {isa = PBXFileReference; lastKnownFileType = "compiled.mach-o.dylib"; name = libvulkan.1.2.189.dylib; path = ../../../../../../../Library/Developer/VulkanSDK/1.2.189.0/macOS/lib/libvulkan.1.2.189.dylib; sourceTree = "<group>"; };
		1AE63E902727BA7B0035735A /* libvulkan.1.dylib */ = {isa = PBXFileReference; lastKnownFileType = "compiled.mach-o.dylib"; name = libvulkan.1.dylib; path = ../../../../../../../Library/Developer/VulkanSDK/1.2.189.0/macOS/lib/libvulkan.1.dylib; sourceTree = "<group>"; };
		1AE63EA12727C4480035735A /* Info.plist */ = {isa = PBXFileReference; fileEncoding = 4; lastKnownFileType = text.plist.xml; path = Info.plist; sourceTree = "<group>"; };
		1AE63EA52727C78A0035735A /* FileUtils.cpp */ = {isa = PBXFileReference; fileEncoding = 4; lastKnownFileType = sourcecode.cpp.cpp; path = FileUtils.cpp; sourceTree = "<group>"; };
		1AE63EA62727C78A0035735A /* FileUtils.hpp */ = {isa = PBXFileReference; fileEncoding = 4; lastKnownFileType = sourcecode.cpp.h; path = FileUtils.hpp; sourceTree = "<group>"; };
		1AE63EA92727C79A0035735A /* VulkanComputeProgram.cpp */ = {isa = PBXFileReference; fileEncoding = 4; lastKnownFileType = sourcecode.cpp.cpp; path = VulkanComputeProgram.cpp; sourceTree = "<group>"; };
		1AE63EAA2727C79A0035735A /* VulkanDebugUtils.cpp */ = {isa = PBXFileReference; fileEncoding = 4; lastKnownFileType = sourcecode.cpp.cpp; path = VulkanDebugUtils.cpp; sourceTree = "<group>"; };
		1AE63EAB2727C79A0035735A /* VulkanDebugUtils.hpp */ = {isa = PBXFileReference; fileEncoding = 4; lastKnownFileType = sourcecode.cpp.h; path = VulkanDebugUtils.hpp; sourceTree = "<group>"; };
		1AE63EAC2727C79A0035735A /* VulkanComputeProgram.hpp */ = {isa = PBXFileReference; fileEncoding = 4; lastKnownFileType = sourcecode.cpp.h; path = VulkanComputeProgram.hpp; sourceTree = "<group>"; };
		1AE63EAF2727C7A20035735A /* VkSkeleton.hpp */ = {isa = PBXFileReference; lastKnownFileType = sourcecode.cpp.h; name = VkSkeleton.hpp; path = ../VkSkeleton.hpp; sourceTree = "<group>"; };
		1AE63EB02727C7AC0035735A /* VkSkeleton_Params.h */ = {isa = PBXFileReference; lastKnownFileType = sourcecode.c.h; name = VkSkeleton_Params.h; path = ../VkSkeleton_Params.h; sourceTree = "<group>"; };
		1AE63EB22727D7BE0035735A /* AEUtils.cpp */ = {isa = PBXFileReference; lastKnownFileType = sourcecode.cpp.cpp; path = AEUtils.cpp; sourceTree = "<group>"; };
		1AE63EB32727D7BE0035735A /* AEUtils.hpp */ = {isa = PBXFileReference; lastKnownFileType = sourcecode.cpp.h; path = AEUtils.hpp; sourceTree = "<group>"; };
		7EB428DC0FBA1C80003C7DD1 /* VkSkeleton_Strings.h */ = {isa = PBXFileReference; fileEncoding = 4; lastKnownFileType = sourcecode.c.h; name = VkSkeleton_Strings.h; path = ../VkSkeleton_Strings.h; sourceTree = SOURCE_ROOT; };
		7ECB51A615DB18A300C5BAD5 /* Cocoa.framework */ = {isa = PBXFileReference; lastKnownFileType = wrapper.framework; name = Cocoa.framework; path = /System/Library/Frameworks/Cocoa.framework; sourceTree = "<absolute>"; };
		8F2D54C90C3DC8BC000535F4 /* VkSkeleton.cpp */ = {isa = PBXFileReference; explicitFileType = sourcecode.cpp.objcpp; fileEncoding = 30; name = VkSkeleton.cpp; path = ../VkSkeleton.cpp; sourceTree = SOURCE_ROOT; };
		8F2D54D00C3DC8FD000535F4 /* VkSkeletonPiPL.r */ = {isa = PBXFileReference; fileEncoding = 30; lastKnownFileType = sourcecode.rez; name = VkSkeletonPiPL.r; path = ../VkSkeletonPiPL.r; sourceTree = SOURCE_ROOT; };
		8F463F240C3DD6140040C945 /* VkSkeleton_Strings.c */ = {isa = PBXFileReference; fileEncoding = 30; lastKnownFileType = sourcecode.c.c; name = VkSkeleton_Strings.c; path = ../VkSkeleton_Strings.c; sourceTree = SOURCE_ROOT; };
		C4E618CC095A3CE80012CA3F /* VkSkeleton.plugin */ = {isa = PBXFileReference; explicitFileType = wrapper.cfbundle; includeInIndex = 0; path = VkSkeleton.plugin; sourceTree = BUILT_PRODUCTS_DIR; };
/* End PBXFileReference section */

/* Begin PBXFrameworksBuildPhase section */
		C4E618CA095A3CE80012CA3F /* Frameworks */ = {
			isa = PBXFrameworksBuildPhase;
			buildActionMask = 2147483647;
			files = (
				1AE63E932727BA7B0035735A /* libvulkan.1.dylib in Frameworks */,
				1AE63E912727BA7B0035735A /* libvulkan.1.2.189.dylib in Frameworks */,
				7ECB51A715DB18A300C5BAD5 /* Cocoa.framework in Frameworks */,
			);
			runOnlyForDeploymentPostprocessing = 0;
		};
/* End PBXFrameworksBuildPhase section */

/* Begin PBXGroup section */
		1AE63E1F2727B79C0035735A /* AdobeSDK */ = {
			isa = PBXGroup;
			children = (
				1AE63E202727B79C0035735A /* Util */,
				1AE63E362727B79C0035735A /* Headers */,
			);
			name = AdobeSDK;
			path = ../../AdobeSDK;
			sourceTree = "<group>";
		};
		1AE63E202727B79C0035735A /* Util */ = {
			isa = PBXGroup;
			children = (
				1AB0567F272DA97000D59EC5 /* AE_ComputeCacheSuite.h */,
				1AE63E2C2727B79C0035735A /* AEFX_SuiteHelper.h */,
				1AE63E242727B79C0035735A /* AEFX_SuiteHelper.c */,
				1AE63E312727B79C0035735A /* AEGP_SuiteHandler.h */,
				1AE63E2D2727B79C0035735A /* AEGP_SuiteHandler.cpp */,
				1AE63E302727B79C0035735A /* MissingSuiteError.cpp */,
				1AE63E282727B79C0035735A /* Param_Utils.h */,
				1AE63E262727B79C0035735A /* Smart_Utils.h */,
				1AE63E2E2727B79C0035735A /* Smart_Utils.cpp */,
			);
			path = Util;
			sourceTree = "<group>";
		};
		1AE63E362727B79C0035735A /* Headers */ = {
			isa = PBXGroup;
			children = (
				1AE63E372727B79C0035735A /* AE_Effect.h */,
			);
			path = Headers;
			sourceTree = "<group>";
		};
		1AE63E8E2727BA7B0035735A /* Frameworks */ = {
			isa = PBXGroup;
			children = (
				1AE63E8F2727BA7B0035735A /* libvulkan.1.2.189.dylib */,
				1AE63E902727BA7B0035735A /* libvulkan.1.dylib */,
			);
			name = Frameworks;
			sourceTree = "<group>";
		};
		1AE63EA42727C78A0035735A /* Utils */ = {
			isa = PBXGroup;
			children = (
				1AE63EB32727D7BE0035735A /* AEUtils.hpp */,
				1AE63EB22727D7BE0035735A /* AEUtils.cpp */,
				1AE63EA62727C78A0035735A /* FileUtils.hpp */,
				1AE63EA52727C78A0035735A /* FileUtils.cpp */,
			);
			name = Utils;
			path = ../Utils;
			sourceTree = "<group>";
		};
		1AE63EA82727C79A0035735A /* Vulkan */ = {
			isa = PBXGroup;
			children = (
				1AB05686272EF3D500D59EC5 /* VulkanComputeDataTypes.hpp */,
				1AE63EAC2727C79A0035735A /* VulkanComputeProgram.hpp */,
				1AE63EA92727C79A0035735A /* VulkanComputeProgram.cpp */,
				1AE63EAB2727C79A0035735A /* VulkanDebugUtils.hpp */,
				1AE63EAA2727C79A0035735A /* VulkanDebugUtils.cpp */,
				1AB05684272DC89000D59EC5 /* VkExample.cpp */,
			);
			name = Vulkan;
			path = ../Vulkan;
			sourceTree = "<group>";
		};
		C4E6187C095A3C800012CA3F = {
			isa = PBXGroup;
			children = (
				1AE63E1F2727B79C0035735A /* AdobeSDK */,
				1AE63EA42727C78A0035735A /* Utils */,
				1AE63EA82727C79A0035735A /* Vulkan */,
				1AE63EAF2727C7A20035735A /* VkSkeleton.hpp */,
				8F2D54C90C3DC8BC000535F4 /* VkSkeleton.cpp */,
				1AE63EB02727C7AC0035735A /* VkSkeleton_Params.h */,
				7EB428DC0FBA1C80003C7DD1 /* VkSkeleton_Strings.h */,
				8F463F240C3DD6140040C945 /* VkSkeleton_Strings.c */,
				1AE63EA12727C4480035735A /* Info.plist */,
				8F2D54D00C3DC8FD000535F4 /* VkSkeletonPiPL.r */,
				7ECB51A615DB18A300C5BAD5 /* Cocoa.framework */,
				C4E6188C095A3C800012CA3F /* Products */,
				1AE63E8E2727BA7B0035735A /* Frameworks */,
			);
			sourceTree = "<group>";
		};
		C4E6188C095A3C800012CA3F /* Products */ = {
			isa = PBXGroup;
			children = (
				C4E618CC095A3CE80012CA3F /* VkSkeleton.plugin */,
			);
			name = Products;
			sourceTree = "<group>";
		};
/* End PBXGroup section */

/* Begin PBXNativeTarget section */
		C4E618CB095A3CE80012CA3F /* VkSkeleton */ = {
			isa = PBXNativeTarget;
			buildConfigurationList = C4E618CE095A3CE90012CA3F /* Build configuration list for PBXNativeTarget "VkSkeleton" */;
			buildPhases = (
				C4E618C8095A3CE80012CA3F /* Resources */,
				C4E618C9095A3CE80012CA3F /* Sources */,
				C4E618CA095A3CE80012CA3F /* Frameworks */,
				C4E618EA095A3E040012CA3F /* Rez */,
				8F1EE4810C51773600D27114 /* CopyFiles */,
				1AE63E952727BA7B0035735A /* Embed Libraries */,
			);
			buildRules = (
			);
			dependencies = (
			);
			name = VkSkeleton;
			productName = Skeleton.plugin;
			productReference = C4E618CC095A3CE80012CA3F /* VkSkeleton.plugin */;
			productType = "com.apple.product-type.bundle";
		};
/* End PBXNativeTarget section */

/* Begin PBXProject section */
		C4E6187E095A3C800012CA3F /* Project object */ = {
			isa = PBXProject;
			attributes = {
				LastUpgradeCheck = 0730;
			};
			buildConfigurationList = C4E6187F095A3C800012CA3F /* Build configuration list for PBXProject "VkSkeleton" */;
			compatibilityVersion = "Xcode 3.2";
			developmentRegion = English;
			hasScannedForEncodings = 0;
			knownRegions = (
				English,
				Japanese,
				French,
				German,
			);
			mainGroup = C4E6187C095A3C800012CA3F;
			productRefGroup = C4E6188C095A3C800012CA3F /* Products */;
			projectDirPath = "";
			projectRoot = "";
			targets = (
				C4E618CB095A3CE80012CA3F /* VkSkeleton */,
			);
		};
/* End PBXProject section */

/* Begin PBXResourcesBuildPhase section */
		C4E618C8095A3CE80012CA3F /* Resources */ = {
			isa = PBXResourcesBuildPhase;
			buildActionMask = 2147483647;
			files = (
				1AE63EA22727C4480035735A /* Info.plist in Resources */,
			);
			runOnlyForDeploymentPostprocessing = 0;
		};
/* End PBXResourcesBuildPhase section */

/* Begin PBXRezBuildPhase section */
		C4E618EA095A3E040012CA3F /* Rez */ = {
			isa = PBXRezBuildPhase;
			buildActionMask = 2147483647;
			files = (
				8F2D54D10C3DC8FE000535F4 /* VkSkeletonPiPL.r in Rez */,
			);
			runOnlyForDeploymentPostprocessing = 0;
		};
/* End PBXRezBuildPhase section */

/* Begin PBXSourcesBuildPhase section */
		C4E618C9095A3CE80012CA3F /* Sources */ = {
			isa = PBXSourcesBuildPhase;
			buildActionMask = 2147483647;
			files = (
				1AE63EAE2727C79A0035735A /* VulkanDebugUtils.cpp in Sources */,
				1AE63E842727B79D0035735A /* AEFX_SuiteHelper.c in Sources */,
				1AE63EA72727C78B0035735A /* FileUtils.cpp in Sources */,
				1AE63E872727B79D0035735A /* AEGP_SuiteHandler.cpp in Sources */,
				8F2D54CC0C3DC8BC000535F4 /* VkSkeleton.cpp in Sources */,
				8F463F260C3DD6140040C945 /* VkSkeleton_Strings.c in Sources */,
				1AE63E8A2727B79D0035735A /* MissingSuiteError.cpp in Sources */,
				1AE63E882727B79D0035735A /* Smart_Utils.cpp in Sources */,
				1AE63EAD2727C79A0035735A /* VulkanComputeProgram.cpp in Sources */,
				1AE63EB42727D7BE0035735A /* AEUtils.cpp in Sources */,
			);
			runOnlyForDeploymentPostprocessing = 0;
		};
/* End PBXSourcesBuildPhase section */

/* Begin XCBuildConfiguration section */
		C4E61880095A3C800012CA3F /* Debug */ = {
			isa = XCBuildConfiguration;
			buildSettings = {
				CLANG_CXX_LANGUAGE_STANDARD = "c++0x";
				CLANG_CXX_LIBRARY = "libc++";
				COPY_PHASE_STRIP = NO;
				ENABLE_TESTABILITY = YES;
				GCC_INPUT_FILETYPE = sourcecode.cpp.objcpp;
				GCC_MODEL_TUNING = "";
				GCC_OPTIMIZATION_LEVEL = 0;
				GCC_PREFIX_HEADER = "$(SYSTEM_LIBRARY_DIR)/Frameworks/Cocoa.framework/Headers/Cocoa.h";
				GCC_PREPROCESSOR_DEFINITIONS = _DEBUG;
				GCC_REUSE_STRINGS = NO;
				GCC_SYMBOLS_PRIVATE_EXTERN = YES;
				GCC_THREADSAFE_STATICS = NO;
				GCC_WARN_ABOUT_RETURN_TYPE = YES;
				GCC_WARN_CHECK_SWITCH_STATEMENTS = YES;
				GCC_WARN_EFFECTIVE_CPLUSPLUS_VIOLATIONS = NO;
				GCC_WARN_MISSING_PARENTHESES = YES;
				GCC_WARN_SHADOW = NO;
				GCC_WARN_UNKNOWN_PRAGMAS = YES;
				GCC_WARN_UNUSED_FUNCTION = YES;
				GCC_WARN_UNUSED_LABEL = YES;
				GCC_WARN_UNUSED_VARIABLE = YES;
				HEADER_SEARCH_PATHS = (
					../../../Headers,
					../../../Util,
					../../../Headers/SP,
					../../../Resources,
					"../glbinding/source/glbinding/include/**",
				);
				ONLY_ACTIVE_ARCH = YES;
				REZ_PREPROCESSOR_DEFINITIONS = __MACH__;
				SDKROOT = macosx;
				STRIP_INSTALLED_PRODUCT = NO;
				WRAPPER_EXTENSION = plugin;
			};
			name = Debug;
		};
		C4E618CF095A3CE90012CA3F /* Debug */ = {
			isa = XCBuildConfiguration;
			buildSettings = {
				CLANG_CXX_LANGUAGE_STANDARD = "c++17";
				CLANG_CXX_LIBRARY = "libc++";
				COMBINE_HIDPI_IMAGES = YES;
				CURRENT_PROJECT_VERSION = 1;
				FRAMEWORK_SEARCH_PATHS_QUOTED_1 = "\"$(SYSTEM_DEVELOPER_DIR)/SDKs/MacOSX10.5.sdk/System/Library/Frameworks\"";
				GCC_MODEL_TUNING = G5;
				GCC_PREPROCESSOR_DEFINITIONS = (
					_DEBUG,
					STRINGS_BY_GL,
					GLBINDING_STATIC,
				);
				GENERATE_PKGINFO_FILE = YES;
				HEADER_SEARCH_PATHS = (
					../../AdobeSDK/Headers,
					../../AdobeSDK/Util,
					../../AdobeSDK/Headers/SP,
					../../AdobeSDK/Resources,
					/Library/Developer/VulkanSDK/1.2.189.0/macOS/include,
				);
				INFOPLIST_FILE = Info.plist;
				INSTALL_PATH = "$(HOME)/Library/Bundles";
				LIBRARY_SEARCH_PATHS = /Library/Developer/VulkanSDK/1.2.189.0/macOS/lib;
				MARKETING_VERSION = 0.0.1;
				PRODUCT_BUNDLE_IDENTIFIER = com.jperl.AfterEffects.VkSkeleton;
				PRODUCT_NAME = VkSkeleton;
				ZERO_LINK = NO;
			};
			name = Debug;
		};
/* End XCBuildConfiguration section */

/* Begin XCConfigurationList section */
		C4E6187F095A3C800012CA3F /* Build configuration list for PBXProject "VkSkeleton" */ = {
			isa = XCConfigurationList;
			buildConfigurations = (
				C4E61880095A3C800012CA3F /* Debug */,
			);
			defaultConfigurationIsVisible = 1;
			defaultConfigurationName = Debug;
		};
		C4E618CE095A3CE90012CA3F /* Build configuration list for PBXNativeTarget "VkSkeleton" */ = {
			isa = XCConfigurationList;
			buildConfigurations = (
				C4E618CF095A3CE90012CA3F /* Debug */,
			);
			defaultConfigurationIsVisible = 0;
			defaultConfigurationName = Debug;
		};
/* End XCConfigurationList section */
	};
	rootObject = C4E6187E095A3C800012CA3F /* Project object */;
}
